// !$*UTF8*$!
{
	archiveVersion = 1;
	classes = {
	};
	objectVersion = 56;
	objects = {

/* Begin PBXBuildFile section */
		CD2DB6982C3C80A800A969C2 /* ImagePicker.swift in Sources */ = {isa = PBXBuildFile; fileRef = CD2DB6972C3C80A800A969C2 /* ImagePicker.swift */; };
		CD2DB69A2C3C80B500A969C2 /* NewIdeaView.swift in Sources */ = {isa = PBXBuildFile; fileRef = CD2DB6992C3C80B500A969C2 /* NewIdeaView.swift */; };
		CD2DB69E2C3C81B000A969C2 /* IdeaCardView.swift in Sources */ = {isa = PBXBuildFile; fileRef = CD2DB69B2C3C81B000A969C2 /* IdeaCardView.swift */; };
		CD2DB69F2C3C81B000A969C2 /* ContentView.swift in Sources */ = {isa = PBXBuildFile; fileRef = CD2DB69C2C3C81B000A969C2 /* ContentView.swift */; };
		CD2DB6A02C3C81B000A969C2 /* IdeaCategoryView.swift in Sources */ = {isa = PBXBuildFile; fileRef = CD2DB69D2C3C81B000A969C2 /* IdeaCategoryView.swift */; };
		CD5A061C2C470162002FC236 /* Color+Custom.swift in Sources */ = {isa = PBXBuildFile; fileRef = CD5A061B2C470162002FC236 /* Color+Custom.swift */; };
		CD7D73072C35B62300C8ED33 /* IdeariumApp.swift in Sources */ = {isa = PBXBuildFile; fileRef = CD7D73062C35B62300C8ED33 /* IdeariumApp.swift */; };
		CD7D730B2C35B62300C8ED33 /* Item.swift in Sources */ = {isa = PBXBuildFile; fileRef = CD7D730A2C35B62300C8ED33 /* Item.swift */; };
		CD7D730D2C35B62500C8ED33 /* Assets.xcassets in Resources */ = {isa = PBXBuildFile; fileRef = CD7D730C2C35B62500C8ED33 /* Assets.xcassets */; };
		CD7D73102C35B62500C8ED33 /* Preview Assets.xcassets in Resources */ = {isa = PBXBuildFile; fileRef = CD7D730F2C35B62500C8ED33 /* Preview Assets.xcassets */; };
		CD7D732D2C35B7ED00C8ED33 /* Ideas.xcdatamodeld in Sources */ = {isa = PBXBuildFile; fileRef = CD7D73292C35B7ED00C8ED33 /* Ideas.xcdatamodeld */; };
		CD7D732E2C35B7ED00C8ED33 /* PersistenceController.swift in Sources */ = {isa = PBXBuildFile; fileRef = CD7D732A2C35B7ED00C8ED33 /* PersistenceController.swift */; };
		CD7D73302C35B81800C8ED33 /* Launchscreen.storyboard in Resources */ = {isa = PBXBuildFile; fileRef = CD7D732F2C35B81800C8ED33 /* Launchscreen.storyboard */; };
		CD7D733F2C35BAD500C8ED33 /* Localizable.strings in Resources */ = {isa = PBXBuildFile; fileRef = CD7D733B2C35BAD500C8ED33 /* Localizable.strings */; };
/* End PBXBuildFile section */

/* Begin PBXFileReference section */
		CD2DB6972C3C80A800A969C2 /* ImagePicker.swift */ = {isa = PBXFileReference; fileEncoding = 4; lastKnownFileType = sourcecode.swift; name = ImagePicker.swift; path = Idearium/Views/IdeaEdit/ImagePicker.swift; sourceTree = SOURCE_ROOT; };
		CD2DB6992C3C80B500A969C2 /* NewIdeaView.swift */ = {isa = PBXFileReference; fileEncoding = 4; lastKnownFileType = sourcecode.swift; name = NewIdeaView.swift; path = Idearium/Views/IdeaEdit/NewIdeaView.swift; sourceTree = SOURCE_ROOT; };
		CD2DB69B2C3C81B000A969C2 /* IdeaCardView.swift */ = {isa = PBXFileReference; fileEncoding = 4; lastKnownFileType = sourcecode.swift; name = IdeaCardView.swift; path = Idearium/Views/Main/IdeaCardView.swift; sourceTree = SOURCE_ROOT; };
		CD2DB69C2C3C81B000A969C2 /* ContentView.swift */ = {isa = PBXFileReference; fileEncoding = 4; lastKnownFileType = sourcecode.swift; name = ContentView.swift; path = Idearium/Views/Main/ContentView.swift; sourceTree = SOURCE_ROOT; };
		CD2DB69D2C3C81B000A969C2 /* IdeaCategoryView.swift */ = {isa = PBXFileReference; fileEncoding = 4; lastKnownFileType = sourcecode.swift; name = IdeaCategoryView.swift; path = Idearium/Views/Main/IdeaCategoryView.swift; sourceTree = SOURCE_ROOT; };
		CD5A061B2C470162002FC236 /* Color+Custom.swift */ = {isa = PBXFileReference; lastKnownFileType = sourcecode.swift; path = "Color+Custom.swift"; sourceTree = "<group>"; };
		CD7D73032C35B62300C8ED33 /* Idearium.app */ = {isa = PBXFileReference; explicitFileType = wrapper.application; includeInIndex = 0; path = Idearium.app; sourceTree = BUILT_PRODUCTS_DIR; };
		CD7D73062C35B62300C8ED33 /* IdeariumApp.swift */ = {isa = PBXFileReference; lastKnownFileType = sourcecode.swift; path = IdeariumApp.swift; sourceTree = "<group>"; };
		CD7D730A2C35B62300C8ED33 /* Item.swift */ = {isa = PBXFileReference; lastKnownFileType = sourcecode.swift; path = Item.swift; sourceTree = "<group>"; };
		CD7D730C2C35B62500C8ED33 /* Assets.xcassets */ = {isa = PBXFileReference; lastKnownFileType = folder.assetcatalog; path = Assets.xcassets; sourceTree = "<group>"; };
		CD7D730F2C35B62500C8ED33 /* Preview Assets.xcassets */ = {isa = PBXFileReference; lastKnownFileType = folder.assetcatalog; path = "Preview Assets.xcassets"; sourceTree = "<group>"; };
		CD7D732A2C35B7ED00C8ED33 /* PersistenceController.swift */ = {isa = PBXFileReference; fileEncoding = 4; lastKnownFileType = sourcecode.swift; path = PersistenceController.swift; sourceTree = "<group>"; };
		CD7D732C2C35B7ED00C8ED33 /* Ideas.xcdatamodel */ = {isa = PBXFileReference; lastKnownFileType = wrapper.xcdatamodel; path = Ideas.xcdatamodel; sourceTree = "<group>"; };
		CD7D732F2C35B81800C8ED33 /* Launchscreen.storyboard */ = {isa = PBXFileReference; fileEncoding = 4; lastKnownFileType = file.storyboard; path = Launchscreen.storyboard; sourceTree = "<group>"; };
		CD7D73422C35BAE900C8ED33 /* en */ = {isa = PBXFileReference; lastKnownFileType = text.plist.strings; name = en; path = ../en.lproj/Localizable.strings; sourceTree = "<group>"; };
		CD7D73432C35BB1300C8ED33 /* zh-Hans */ = {isa = PBXFileReference; lastKnownFileType = text.plist.strings; name = "zh-Hans"; path = "../zh-Hans.lproj/Localizable.strings"; sourceTree = "<group>"; };
		CD7D73442C35BB1D00C8ED33 /* de */ = {isa = PBXFileReference; lastKnownFileType = text.plist.strings; name = de; path = ../de.lproj/Localizable.strings; sourceTree = "<group>"; };
		CD7D73452C35BB2800C8ED33 /* hi */ = {isa = PBXFileReference; lastKnownFileType = text.plist.strings; name = hi; path = ../hi.lproj/Localizable.strings; sourceTree = "<group>"; };
		CD7D73462C35BB2F00C8ED33 /* ar */ = {isa = PBXFileReference; lastKnownFileType = text.plist.strings; name = ar; path = ../ar.lproj/Localizable.strings; sourceTree = "<group>"; };
		CD7D73472C35BB3E00C8ED33 /* es */ = {isa = PBXFileReference; lastKnownFileType = text.plist.strings; name = es; path = ../es.lproj/Localizable.strings; sourceTree = "<group>"; };
		CD7D73482C35BBAD00C8ED33 /* fr */ = {isa = PBXFileReference; lastKnownFileType = text.plist.strings; name = fr; path = ../fr.lproj/Localizable.strings; sourceTree = "<group>"; };
/* End PBXFileReference section */

/* Begin PBXFrameworksBuildPhase section */
		CD7D73002C35B62300C8ED33 /* Frameworks */ = {
			isa = PBXFrameworksBuildPhase;
			buildActionMask = 2147483647;
			files = (
			);
			runOnlyForDeploymentPostprocessing = 0;
		};
/* End PBXFrameworksBuildPhase section */

/* Begin PBXGroup section */
		CD7D72FA2C35B62300C8ED33 = {
			isa = PBXGroup;
			children = (
				CD7D73052C35B62300C8ED33 /* Idearium */,
				CD7D73042C35B62300C8ED33 /* Products */,
			);
			sourceTree = "<group>";
		};
		CD7D73042C35B62300C8ED33 /* Products */ = {
			isa = PBXGroup;
			children = (
				CD7D73032C35B62300C8ED33 /* Idearium.app */,
			);
			name = Products;
			sourceTree = "<group>";
		};
		CD7D73052C35B62300C8ED33 /* Idearium */ = {
			isa = PBXGroup;
			children = (
				CD7D733B2C35BAD500C8ED33 /* Localizable.strings */,
				CD7D732F2C35B81800C8ED33 /* Launchscreen.storyboard */,
				CD7D732B2C35B7ED00C8ED33 /* Data */,
				CD7D73232C35B7B000C8ED33 /* Views */,
				CD7D73062C35B62300C8ED33 /* IdeariumApp.swift */,
				CD7D730A2C35B62300C8ED33 /* Item.swift */,
				CD7D730C2C35B62500C8ED33 /* Assets.xcassets */,
				CD7D730E2C35B62500C8ED33 /* Preview Content */,
				CD5A061B2C470162002FC236 /* Color+Custom.swift */,
			);
			path = Idearium;
			sourceTree = "<group>";
		};
		CD7D730E2C35B62500C8ED33 /* Preview Content */ = {
			isa = PBXGroup;
			children = (
				CD7D730F2C35B62500C8ED33 /* Preview Assets.xcassets */,
			);
			path = "Preview Content";
			sourceTree = "<group>";
		};
		CD7D731E2C35B7B000C8ED33 /* IdeaEdit */ = {
			isa = PBXGroup;
			children = (
				CD2DB6972C3C80A800A969C2 /* ImagePicker.swift */,
				CD2DB6992C3C80B500A969C2 /* NewIdeaView.swift */,
			);
			path = IdeaEdit;
			sourceTree = "<group>";
		};
		CD7D73222C35B7B000C8ED33 /* Main */ = {
			isa = PBXGroup;
			children = (
				CD2DB69C2C3C81B000A969C2 /* ContentView.swift */,
				CD2DB69B2C3C81B000A969C2 /* IdeaCardView.swift */,
				CD2DB69D2C3C81B000A969C2 /* IdeaCategoryView.swift */,
			);
			path = Main;
			sourceTree = "<group>";
		};
		CD7D73232C35B7B000C8ED33 /* Views */ = {
			isa = PBXGroup;
			children = (
				CD7D731E2C35B7B000C8ED33 /* IdeaEdit */,
				CD7D73222C35B7B000C8ED33 /* Main */,
			);
			name = Views;
			path = /Users/patrick/Documents/Idearium/Idearium/Views;
			sourceTree = "<absolute>";
		};
		CD7D732B2C35B7ED00C8ED33 /* Data */ = {
			isa = PBXGroup;
			children = (
				CD7D73292C35B7ED00C8ED33 /* Ideas.xcdatamodeld */,
				CD7D732A2C35B7ED00C8ED33 /* PersistenceController.swift */,
			);
			path = Data;
			sourceTree = "<group>";
		};
/* End PBXGroup section */

/* Begin PBXNativeTarget section */
		CD7D73022C35B62300C8ED33 /* Idearium */ = {
			isa = PBXNativeTarget;
			buildConfigurationList = CD7D73132C35B62500C8ED33 /* Build configuration list for PBXNativeTarget "Idearium" */;
			buildPhases = (
				CD7D72FF2C35B62300C8ED33 /* Sources */,
				CD7D73002C35B62300C8ED33 /* Frameworks */,
				CD7D73012C35B62300C8ED33 /* Resources */,
			);
			buildRules = (
			);
			dependencies = (
			);
			name = Idearium;
			productName = Idearium;
			productReference = CD7D73032C35B62300C8ED33 /* Idearium.app */;
			productType = "com.apple.product-type.application";
		};
/* End PBXNativeTarget section */

/* Begin PBXProject section */
		CD7D72FB2C35B62300C8ED33 /* Project object */ = {
			isa = PBXProject;
			attributes = {
				BuildIndependentTargetsInParallel = 1;
				LastSwiftUpdateCheck = 1540;
				LastUpgradeCheck = 1540;
				TargetAttributes = {
					CD7D73022C35B62300C8ED33 = {
						CreatedOnToolsVersion = 15.4;
					};
				};
			};
			buildConfigurationList = CD7D72FE2C35B62300C8ED33 /* Build configuration list for PBXProject "Idearium" */;
			compatibilityVersion = "Xcode 14.0";
			developmentRegion = en;
			hasScannedForEncodings = 0;
			knownRegions = (
				en,
				"zh-Hans",
				de,
				hi,
				ar,
				es,
				fr,
			);
			mainGroup = CD7D72FA2C35B62300C8ED33;
			productRefGroup = CD7D73042C35B62300C8ED33 /* Products */;
			projectDirPath = "";
			projectRoot = "";
			targets = (
				CD7D73022C35B62300C8ED33 /* Idearium */,
			);
		};
/* End PBXProject section */

/* Begin PBXResourcesBuildPhase section */
		CD7D73012C35B62300C8ED33 /* Resources */ = {
			isa = PBXResourcesBuildPhase;
			buildActionMask = 2147483647;
			files = (
				CD7D73302C35B81800C8ED33 /* Launchscreen.storyboard in Resources */,
				CD7D733F2C35BAD500C8ED33 /* Localizable.strings in Resources */,
				CD7D73102C35B62500C8ED33 /* Preview Assets.xcassets in Resources */,
				CD7D730D2C35B62500C8ED33 /* Assets.xcassets in Resources */,
			);
			runOnlyForDeploymentPostprocessing = 0;
		};
/* End PBXResourcesBuildPhase section */

/* Begin PBXSourcesBuildPhase section */
		CD7D72FF2C35B62300C8ED33 /* Sources */ = {
			isa = PBXSourcesBuildPhase;
			buildActionMask = 2147483647;
			files = (
				CD5A061C2C470162002FC236 /* Color+Custom.swift in Sources */,
				CD7D732E2C35B7ED00C8ED33 /* PersistenceController.swift in Sources */,
				CD2DB69F2C3C81B000A969C2 /* ContentView.swift in Sources */,
				CD7D732D2C35B7ED00C8ED33 /* Ideas.xcdatamodeld in Sources */,
				CD7D730B2C35B62300C8ED33 /* Item.swift in Sources */,
				CD2DB6A02C3C81B000A969C2 /* IdeaCategoryView.swift in Sources */,
				CD2DB69A2C3C80B500A969C2 /* NewIdeaView.swift in Sources */,
				CD2DB6982C3C80A800A969C2 /* ImagePicker.swift in Sources */,
				CD7D73072C35B62300C8ED33 /* IdeariumApp.swift in Sources */,
				CD2DB69E2C3C81B000A969C2 /* IdeaCardView.swift in Sources */,
			);
			runOnlyForDeploymentPostprocessing = 0;
		};
/* End PBXSourcesBuildPhase section */

/* Begin PBXVariantGroup section */
		CD7D733B2C35BAD500C8ED33 /* Localizable.strings */ = {
			isa = PBXVariantGroup;
			children = (
				CD7D73422C35BAE900C8ED33 /* en */,
				CD7D73432C35BB1300C8ED33 /* zh-Hans */,
				CD7D73442C35BB1D00C8ED33 /* de */,
				CD7D73452C35BB2800C8ED33 /* hi */,
				CD7D73462C35BB2F00C8ED33 /* ar */,
				CD7D73472C35BB3E00C8ED33 /* es */,
				CD7D73482C35BBAD00C8ED33 /* fr */,
			);
			name = Localizable.strings;
			sourceTree = "<group>";
		};
/* End PBXVariantGroup section */

/* Begin XCBuildConfiguration section */
		CD7D73112C35B62500C8ED33 /* Debug */ = {
			isa = XCBuildConfiguration;
			buildSettings = {
				ALWAYS_SEARCH_USER_PATHS = NO;
				ASSETCATALOG_COMPILER_GENERATE_SWIFT_ASSET_SYMBOL_EXTENSIONS = YES;
				CLANG_ANALYZER_LOCALIZABILITY_NONLOCALIZED = YES;
				CLANG_ANALYZER_NONNULL = YES;
				CLANG_ANALYZER_NUMBER_OBJECT_CONVERSION = YES_AGGRESSIVE;
				CLANG_CXX_LANGUAGE_STANDARD = "gnu++20";
				CLANG_ENABLE_MODULES = YES;
				CLANG_ENABLE_OBJC_ARC = YES;
				CLANG_ENABLE_OBJC_WEAK = YES;
				CLANG_WARN_BLOCK_CAPTURE_AUTORELEASING = YES;
				CLANG_WARN_BOOL_CONVERSION = YES;
				CLANG_WARN_COMMA = YES;
				CLANG_WARN_CONSTANT_CONVERSION = YES;
				CLANG_WARN_DEPRECATED_OBJC_IMPLEMENTATIONS = YES;
				CLANG_WARN_DIRECT_OBJC_ISA_USAGE = YES_ERROR;
				CLANG_WARN_DOCUMENTATION_COMMENTS = YES;
				CLANG_WARN_EMPTY_BODY = YES;
				CLANG_WARN_ENUM_CONVERSION = YES;
				CLANG_WARN_INFINITE_RECURSION = YES;
				CLANG_WARN_INT_CONVERSION = YES;
				CLANG_WARN_NON_LITERAL_NULL_CONVERSION = YES;
				CLANG_WARN_OBJC_IMPLICIT_RETAIN_SELF = YES;
				CLANG_WARN_OBJC_LITERAL_CONVERSION = YES;
				CLANG_WARN_OBJC_ROOT_CLASS = YES_ERROR;
				CLANG_WARN_QUOTED_INCLUDE_IN_FRAMEWORK_HEADER = YES;
				CLANG_WARN_RANGE_LOOP_ANALYSIS = YES;
				CLANG_WARN_STRICT_PROTOTYPES = YES;
				CLANG_WARN_SUSPICIOUS_MOVE = YES;
				CLANG_WARN_UNGUARDED_AVAILABILITY = YES_AGGRESSIVE;
				CLANG_WARN_UNREACHABLE_CODE = YES;
				CLANG_WARN__DUPLICATE_METHOD_MATCH = YES;
				COPY_PHASE_STRIP = NO;
				DEBUG_INFORMATION_FORMAT = dwarf;
				ENABLE_STRICT_OBJC_MSGSEND = YES;
				ENABLE_TESTABILITY = YES;
				ENABLE_USER_SCRIPT_SANDBOXING = YES;
				GCC_C_LANGUAGE_STANDARD = gnu17;
				GCC_DYNAMIC_NO_PIC = NO;
				GCC_NO_COMMON_BLOCKS = YES;
				GCC_OPTIMIZATION_LEVEL = 0;
				GCC_PREPROCESSOR_DEFINITIONS = (
					"DEBUG=1",
					"$(inherited)",
				);
				GCC_WARN_64_TO_32_BIT_CONVERSION = YES;
				GCC_WARN_ABOUT_RETURN_TYPE = YES_ERROR;
				GCC_WARN_UNDECLARED_SELECTOR = YES;
				GCC_WARN_UNINITIALIZED_AUTOS = YES_AGGRESSIVE;
				GCC_WARN_UNUSED_FUNCTION = YES;
				GCC_WARN_UNUSED_VARIABLE = YES;
				IPHONEOS_DEPLOYMENT_TARGET = 17.5;
				LOCALIZATION_PREFERS_STRING_CATALOGS = YES;
				MTL_ENABLE_DEBUG_INFO = INCLUDE_SOURCE;
				MTL_FAST_MATH = YES;
				ONLY_ACTIVE_ARCH = YES;
				SDKROOT = iphoneos;
				SWIFT_ACTIVE_COMPILATION_CONDITIONS = "DEBUG $(inherited)";
				SWIFT_OPTIMIZATION_LEVEL = "-Onone";
			};
			name = Debug;
		};
		CD7D73122C35B62500C8ED33 /* Release */ = {
			isa = XCBuildConfiguration;
			buildSettings = {
				ALWAYS_SEARCH_USER_PATHS = NO;
				ASSETCATALOG_COMPILER_GENERATE_SWIFT_ASSET_SYMBOL_EXTENSIONS = YES;
				CLANG_ANALYZER_LOCALIZABILITY_NONLOCALIZED = YES;
				CLANG_ANALYZER_NONNULL = YES;
				CLANG_ANALYZER_NUMBER_OBJECT_CONVERSION = YES_AGGRESSIVE;
				CLANG_CXX_LANGUAGE_STANDARD = "gnu++20";
				CLANG_ENABLE_MODULES = YES;
				CLANG_ENABLE_OBJC_ARC = YES;
				CLANG_ENABLE_OBJC_WEAK = YES;
				CLANG_WARN_BLOCK_CAPTURE_AUTORELEASING = YES;
				CLANG_WARN_BOOL_CONVERSION = YES;
				CLANG_WARN_COMMA = YES;
				CLANG_WARN_CONSTANT_CONVERSION = YES;
				CLANG_WARN_DEPRECATED_OBJC_IMPLEMENTATIONS = YES;
				CLANG_WARN_DIRECT_OBJC_ISA_USAGE = YES_ERROR;
				CLANG_WARN_DOCUMENTATION_COMMENTS = YES;
				CLANG_WARN_EMPTY_BODY = YES;
				CLANG_WARN_ENUM_CONVERSION = YES;
				CLANG_WARN_INFINITE_RECURSION = YES;
				CLANG_WARN_INT_CONVERSION = YES;
				CLANG_WARN_NON_LITERAL_NULL_CONVERSION = YES;
				CLANG_WARN_OBJC_IMPLICIT_RETAIN_SELF = YES;
				CLANG_WARN_OBJC_LITERAL_CONVERSION = YES;
				CLANG_WARN_OBJC_ROOT_CLASS = YES_ERROR;
				CLANG_WARN_QUOTED_INCLUDE_IN_FRAMEWORK_HEADER = YES;
				CLANG_WARN_RANGE_LOOP_ANALYSIS = YES;
				CLANG_WARN_STRICT_PROTOTYPES = YES;
				CLANG_WARN_SUSPICIOUS_MOVE = YES;
				CLANG_WARN_UNGUARDED_AVAILABILITY = YES_AGGRESSIVE;
				CLANG_WARN_UNREACHABLE_CODE = YES;
				CLANG_WARN__DUPLICATE_METHOD_MATCH = YES;
				COPY_PHASE_STRIP = NO;
				DEBUG_INFORMATION_FORMAT = "dwarf-with-dsym";
				ENABLE_NS_ASSERTIONS = NO;
				ENABLE_STRICT_OBJC_MSGSEND = YES;
				ENABLE_USER_SCRIPT_SANDBOXING = YES;
				GCC_C_LANGUAGE_STANDARD = gnu17;
				GCC_NO_COMMON_BLOCKS = YES;
				GCC_WARN_64_TO_32_BIT_CONVERSION = YES;
				GCC_WARN_ABOUT_RETURN_TYPE = YES_ERROR;
				GCC_WARN_UNDECLARED_SELECTOR = YES;
				GCC_WARN_UNINITIALIZED_AUTOS = YES_AGGRESSIVE;
				GCC_WARN_UNUSED_FUNCTION = YES;
				GCC_WARN_UNUSED_VARIABLE = YES;
				IPHONEOS_DEPLOYMENT_TARGET = 17.5;
				LOCALIZATION_PREFERS_STRING_CATALOGS = YES;
				MTL_ENABLE_DEBUG_INFO = NO;
				MTL_FAST_MATH = YES;
				SDKROOT = iphoneos;
				SWIFT_COMPILATION_MODE = wholemodule;
				VALIDATE_PRODUCT = YES;
			};
			name = Release;
		};
		CD7D73142C35B62500C8ED33 /* Debug */ = {
			isa = XCBuildConfiguration;
			buildSettings = {
				ASSETCATALOG_COMPILER_APPICON_NAME = AppIcon;
				ASSETCATALOG_COMPILER_GLOBAL_ACCENT_COLOR_NAME = AccentColor;
				ASSETCATALOG_COMPILER_INCLUDE_ALL_APPICON_ASSETS = YES;
				CODE_SIGN_STYLE = Automatic;
				CURRENT_PROJECT_VERSION = 1;
				DEVELOPMENT_ASSET_PATHS = "\"Idearium/Preview Content\"";
				DEVELOPMENT_TEAM = 4QX5MGB4WR;
				ENABLE_PREVIEWS = YES;
				GENERATE_INFOPLIST_FILE = YES;
				INFOPLIST_KEY_LSApplicationCategoryType = "public.app-category.productivity";
				INFOPLIST_KEY_UIApplicationSceneManifest_Generation = YES;
				INFOPLIST_KEY_UIApplicationSupportsIndirectInputEvents = YES;
				INFOPLIST_KEY_UILaunchScreen_Generation = YES;
				INFOPLIST_KEY_UILaunchStoryboardName = Launchscreen.storyboard;
				INFOPLIST_KEY_UIStatusBarStyle = "";
				INFOPLIST_KEY_UISupportedInterfaceOrientations = UIInterfaceOrientationPortrait;
				INFOPLIST_KEY_UISupportedInterfaceOrientations_iPad = "UIInterfaceOrientationLandscapeLeft UIInterfaceOrientationLandscapeRight UIInterfaceOrientationPortrait UIInterfaceOrientationPortraitUpsideDown";
				IPHONEOS_DEPLOYMENT_TARGET = 17.0;
				LD_RUNPATH_SEARCH_PATHS = (
					"$(inherited)",
					"@executable_path/Frameworks",
				);
				MARKETING_VERSION = 1.0;
				PRODUCT_BUNDLE_IDENTIFIER = de.kuehntechlabs.Idearium;
				PRODUCT_NAME = "$(TARGET_NAME)";
				SUPPORTED_PLATFORMS = "iphoneos iphonesimulator";
				SUPPORTS_MACCATALYST = NO;
				SUPPORTS_MAC_DESIGNED_FOR_IPHONE_IPAD = NO;
				SUPPORTS_XR_DESIGNED_FOR_IPHONE_IPAD = NO;
				SWIFT_EMIT_LOC_STRINGS = YES;
				SWIFT_VERSION = 5.0;
				TARGETED_DEVICE_FAMILY = 1;
			};
			name = Debug;
		};
		CD7D73152C35B62500C8ED33 /* Release */ = {
			isa = XCBuildConfiguration;
			buildSettings = {
				ASSETCATALOG_COMPILER_APPICON_NAME = AppIcon;
				ASSETCATALOG_COMPILER_GLOBAL_ACCENT_COLOR_NAME = AccentColor;
				ASSETCATALOG_COMPILER_INCLUDE_ALL_APPICON_ASSETS = YES;
				CODE_SIGN_STYLE = Automatic;
				CURRENT_PROJECT_VERSION = 1;
				DEVELOPMENT_ASSET_PATHS = "\"Idearium/Preview Content\"";
				DEVELOPMENT_TEAM = 4QX5MGB4WR;
				ENABLE_PREVIEWS = YES;
				GENERATE_INFOPLIST_FILE = YES;
				INFOPLIST_KEY_LSApplicationCategoryType = "public.app-category.productivity";
				INFOPLIST_KEY_UIApplicationSceneManifest_Generation = YES;
				INFOPLIST_KEY_UIApplicationSupportsIndirectInputEvents = YES;
				INFOPLIST_KEY_UILaunchScreen_Generation = YES;
				INFOPLIST_KEY_UILaunchStoryboardName = Launchscreen.storyboard;
				INFOPLIST_KEY_UIStatusBarStyle = "";
				INFOPLIST_KEY_UISupportedInterfaceOrientations = UIInterfaceOrientationPortrait;
				INFOPLIST_KEY_UISupportedInterfaceOrientations_iPad = "UIInterfaceOrientationLandscapeLeft UIInterfaceOrientationLandscapeRight UIInterfaceOrientationPortrait UIInterfaceOrientationPortraitUpsideDown";
				IPHONEOS_DEPLOYMENT_TARGET = 17.0;
				LD_RUNPATH_SEARCH_PATHS = (
					"$(inherited)",
					"@executable_path/Frameworks",
				);
				MARKETING_VERSION = 1.0;
				PRODUCT_BUNDLE_IDENTIFIER = de.kuehntechlabs.Idearium;
				PRODUCT_NAME = "$(TARGET_NAME)";
				SUPPORTED_PLATFORMS = "iphoneos iphonesimulator";
				SUPPORTS_MACCATALYST = NO;
				SUPPORTS_MAC_DESIGNED_FOR_IPHONE_IPAD = NO;
				SUPPORTS_XR_DESIGNED_FOR_IPHONE_IPAD = NO;
				SWIFT_EMIT_LOC_STRINGS = YES;
				SWIFT_VERSION = 5.0;
				TARGETED_DEVICE_FAMILY = 1;
			};
			name = Release;
		};
/* End XCBuildConfiguration section */

/* Begin XCConfigurationList section */
		CD7D72FE2C35B62300C8ED33 /* Build configuration list for PBXProject "Idearium" */ = {
			isa = XCConfigurationList;
			buildConfigurations = (
				CD7D73112C35B62500C8ED33 /* Debug */,
				CD7D73122C35B62500C8ED33 /* Release */,
			);
			defaultConfigurationIsVisible = 0;
			defaultConfigurationName = Release;
		};
		CD7D73132C35B62500C8ED33 /* Build configuration list for PBXNativeTarget "Idearium" */ = {
			isa = XCConfigurationList;
			buildConfigurations = (
				CD7D73142C35B62500C8ED33 /* Debug */,
				CD7D73152C35B62500C8ED33 /* Release */,
			);
			defaultConfigurationIsVisible = 0;
			defaultConfigurationName = Release;
		};
/* End XCConfigurationList section */

/* Begin XCVersionGroup section */
		CD7D73292C35B7ED00C8ED33 /* Ideas.xcdatamodeld */ = {
			isa = XCVersionGroup;
			children = (
				CD7D732C2C35B7ED00C8ED33 /* Ideas.xcdatamodel */,
			);
			currentVersion = CD7D732C2C35B7ED00C8ED33 /* Ideas.xcdatamodel */;
			name = Ideas.xcdatamodeld;
			path = /Users/patrick/Documents/Idearium/Idearium/Data/Ideas.xcdatamodeld;
			sourceTree = "<group>";
			versionGroupType = wrapper.xcdatamodel;
		};
/* End XCVersionGroup section */
	};
	rootObject = CD7D72FB2C35B62300C8ED33 /* Project object */;
}
